
Microsoft Visual Studio Solution File, Format Version 12.00
# Visual Studio Version 16
VisualStudioVersion = 16.0.29201.188
MinimumVisualStudioVersion = 10.0.40219.1
Project("{9A19103F-16F7-4668-BE54-9A1E7A4F7556}") = "StadhawkCoreApi", "StadhawkCoreApi\StadhawkCoreApi.csproj", "{5AF0BBD2-0F36-4A47-96BD-903B0E03D674}"
EndProject
Project("{9A19103F-16F7-4668-BE54-9A1E7A4F7556}") = "StadhawkLaundry.BAL", "StadhawkLaundry.DAL\StadhawkLaundry.BAL.csproj", "{E3C95A54-5770-4834-8B36-29845FAF216B}"
EndProject
Project("{9A19103F-16F7-4668-BE54-9A1E7A4F7556}") = "StadhawkLaundry.DataModel", "StadhawkLaundry.DATAMODEL\StadhawkLaundry.DataModel.csproj", "{84E0F6C9-0339-4D71-A8F3-87DE2503F876}"
EndProject
Project("{9A19103F-16F7-4668-BE54-9A1E7A4F7556}") = "StadhawkLaundry.ViewModel", "StadhawkLaundry.ViewModel\StadhawkLaundry.ViewModel.csproj", "{99F2808C-810C-4F85-AFD1-77E08296D3AC}"
EndProject
Project("{9A19103F-16F7-4668-BE54-9A1E7A4F7556}") = "StadhawkLaundry.API", "StadhawkLaundry.API\StadhawkLaundry.API.csproj", "{3505BDFA-BDD9-4165-89A1-D8E3D4E7542E}"
EndProject
Project("{9A19103F-16F7-4668-BE54-9A1E7A4F7556}") = "ImageWriter", "ImageWriter\ImageWriter.csproj", "{A68C6DC7-AB9F-4874-9F27-C6DDD1C95A65}"
EndProject
Project("{9A19103F-16F7-4668-BE54-9A1E7A4F7556}") = "Stadhawk.Laundry.Utility", "Stadhawk.Laundry.Utility\Stadhawk.Laundry.Utility.csproj", "{E996B6B5-B68F-4898-98F6-B81093F85E3E}"
EndProject
Project("{00D1A9C2-B5F0-4AF3-8072-F6C62B433612}") = "Stadhawk.Laundry", "Stadhawk.Laundry\Stadhawk.Laundry.sqlproj", "{7F358B8A-9E66-4848-BDB8-CC32A11D2697}"
EndProject
Global
	GlobalSection(SolutionConfigurationPlatforms) = preSolution
		Ad-Hoc|Any CPU = Ad-Hoc|Any CPU
		Ad-Hoc|iPhone = Ad-Hoc|iPhone
		Ad-Hoc|iPhoneSimulator = Ad-Hoc|iPhoneSimulator
		AppStore|Any CPU = AppStore|Any CPU
		AppStore|iPhone = AppStore|iPhone
		AppStore|iPhoneSimulator = AppStore|iPhoneSimulator
		Debug|Any CPU = Debug|Any CPU
		Debug|iPhone = Debug|iPhone
		Debug|iPhoneSimulator = Debug|iPhoneSimulator
		Release|Any CPU = Release|Any CPU
		Release|iPhone = Release|iPhone
		Release|iPhoneSimulator = Release|iPhoneSimulator
	EndGlobalSection
	GlobalSection(ProjectConfigurationPlatforms) = postSolution
		{5AF0BBD2-0F36-4A47-96BD-903B0E03D674}.Ad-Hoc|Any CPU.ActiveCfg = Release|Any CPU
		{5AF0BBD2-0F36-4A47-96BD-903B0E03D674}.Ad-Hoc|Any CPU.Build.0 = Release|Any CPU
		{5AF0BBD2-0F36-4A47-96BD-903B0E03D674}.Ad-Hoc|iPhone.ActiveCfg = Release|Any CPU
		{5AF0BBD2-0F36-4A47-96BD-903B0E03D674}.Ad-Hoc|iPhone.Build.0 = Release|Any CPU
		{5AF0BBD2-0F36-4A47-96BD-903B0E03D674}.Ad-Hoc|iPhoneSimulator.ActiveCfg = Release|Any CPU
		{5AF0BBD2-0F36-4A47-96BD-903B0E03D674}.Ad-Hoc|iPhoneSimulator.Build.0 = Release|Any CPU
		{5AF0BBD2-0F36-4A47-96BD-903B0E03D674}.AppStore|Any CPU.ActiveCfg = Release|Any CPU
		{5AF0BBD2-0F36-4A47-96BD-903B0E03D674}.AppStore|Any CPU.Build.0 = Release|Any CPU
		{5AF0BBD2-0F36-4A47-96BD-903B0E03D674}.AppStore|iPhone.ActiveCfg = Release|Any CPU
		{5AF0BBD2-0F36-4A47-96BD-903B0E03D674}.AppStore|iPhone.Build.0 = Release|Any CPU
		{5AF0BBD2-0F36-4A47-96BD-903B0E03D674}.AppStore|iPhoneSimulator.ActiveCfg = Release|Any CPU
		{5AF0BBD2-0F36-4A47-96BD-903B0E03D674}.AppStore|iPhoneSimulator.Build.0 = Release|Any CPU
		{5AF0BBD2-0F36-4A47-96BD-903B0E03D674}.Debug|Any CPU.ActiveCfg = Debug|Any CPU
		{5AF0BBD2-0F36-4A47-96BD-903B0E03D674}.Debug|Any CPU.Build.0 = Debug|Any CPU
		{5AF0BBD2-0F36-4A47-96BD-903B0E03D674}.Debug|iPhone.ActiveCfg = Debug|Any CPU
		{5AF0BBD2-0F36-4A47-96BD-903B0E03D674}.Debug|iPhone.Build.0 = Debug|Any CPU
		{5AF0BBD2-0F36-4A47-96BD-903B0E03D674}.Debug|iPhoneSimulator.ActiveCfg = Debug|Any CPU
		{5AF0BBD2-0F36-4A47-96BD-903B0E03D674}.Debug|iPhoneSimulator.Build.0 = Debug|Any CPU
		{5AF0BBD2-0F36-4A47-96BD-903B0E03D674}.Release|Any CPU.ActiveCfg = Release|Any CPU
		{5AF0BBD2-0F36-4A47-96BD-903B0E03D674}.Release|Any CPU.Build.0 = Release|Any CPU
		{5AF0BBD2-0F36-4A47-96BD-903B0E03D674}.Release|iPhone.ActiveCfg = Release|Any CPU
		{5AF0BBD2-0F36-4A47-96BD-903B0E03D674}.Release|iPhone.Build.0 = Release|Any CPU
		{5AF0BBD2-0F36-4A47-96BD-903B0E03D674}.Release|iPhoneSimulator.ActiveCfg = Release|Any CPU
		{5AF0BBD2-0F36-4A47-96BD-903B0E03D674}.Release|iPhoneSimulator.Build.0 = Release|Any CPU
		{E3C95A54-5770-4834-8B36-29845FAF216B}.Ad-Hoc|Any CPU.ActiveCfg = Release|Any CPU
		{E3C95A54-5770-4834-8B36-29845FAF216B}.Ad-Hoc|Any CPU.Build.0 = Release|Any CPU
		{E3C95A54-5770-4834-8B36-29845FAF216B}.Ad-Hoc|iPhone.ActiveCfg = Release|Any CPU
		{E3C95A54-5770-4834-8B36-29845FAF216B}.Ad-Hoc|iPhone.Build.0 = Release|Any CPU
		{E3C95A54-5770-4834-8B36-29845FAF216B}.Ad-Hoc|iPhoneSimulator.ActiveCfg = Release|Any CPU
		{E3C95A54-5770-4834-8B36-29845FAF216B}.Ad-Hoc|iPhoneSimulator.Build.0 = Release|Any CPU
		{E3C95A54-5770-4834-8B36-29845FAF216B}.AppStore|Any CPU.ActiveCfg = Release|Any CPU
		{E3C95A54-5770-4834-8B36-29845FAF216B}.AppStore|Any CPU.Build.0 = Release|Any CPU
		{E3C95A54-5770-4834-8B36-29845FAF216B}.AppStore|iPhone.ActiveCfg = Release|Any CPU
		{E3C95A54-5770-4834-8B36-29845FAF216B}.AppStore|iPhone.Build.0 = Release|Any CPU
		{E3C95A54-5770-4834-8B36-29845FAF216B}.AppStore|iPhoneSimulator.ActiveCfg = Release|Any CPU
		{E3C95A54-5770-4834-8B36-29845FAF216B}.AppStore|iPhoneSimulator.Build.0 = Release|Any CPU
		{E3C95A54-5770-4834-8B36-29845FAF216B}.Debug|Any CPU.ActiveCfg = Debug|Any CPU
		{E3C95A54-5770-4834-8B36-29845FAF216B}.Debug|Any CPU.Build.0 = Debug|Any CPU
		{E3C95A54-5770-4834-8B36-29845FAF216B}.Debug|iPhone.ActiveCfg = Debug|Any CPU
		{E3C95A54-5770-4834-8B36-29845FAF216B}.Debug|iPhone.Build.0 = Debug|Any CPU
		{E3C95A54-5770-4834-8B36-29845FAF216B}.Debug|iPhoneSimulator.ActiveCfg = Debug|Any CPU
		{E3C95A54-5770-4834-8B36-29845FAF216B}.Debug|iPhoneSimulator.Build.0 = Debug|Any CPU
		{E3C95A54-5770-4834-8B36-29845FAF216B}.Release|Any CPU.ActiveCfg = Release|Any CPU
		{E3C95A54-5770-4834-8B36-29845FAF216B}.Release|Any CPU.Build.0 = Release|Any CPU
		{E3C95A54-5770-4834-8B36-29845FAF216B}.Release|iPhone.ActiveCfg = Release|Any CPU
		{E3C95A54-5770-4834-8B36-29845FAF216B}.Release|iPhone.Build.0 = Release|Any CPU
		{E3C95A54-5770-4834-8B36-29845FAF216B}.Release|iPhoneSimulator.ActiveCfg = Release|Any CPU
		{E3C95A54-5770-4834-8B36-29845FAF216B}.Release|iPhoneSimulator.Build.0 = Release|Any CPU
		{84E0F6C9-0339-4D71-A8F3-87DE2503F876}.Ad-Hoc|Any CPU.ActiveCfg = Release|Any CPU
		{84E0F6C9-0339-4D71-A8F3-87DE2503F876}.Ad-Hoc|Any CPU.Build.0 = Release|Any CPU
		{84E0F6C9-0339-4D71-A8F3-87DE2503F876}.Ad-Hoc|iPhone.ActiveCfg = Release|Any CPU
		{84E0F6C9-0339-4D71-A8F3-87DE2503F876}.Ad-Hoc|iPhone.Build.0 = Release|Any CPU
		{84E0F6C9-0339-4D71-A8F3-87DE2503F876}.Ad-Hoc|iPhoneSimulator.ActiveCfg = Release|Any CPU
		{84E0F6C9-0339-4D71-A8F3-87DE2503F876}.Ad-Hoc|iPhoneSimulator.Build.0 = Release|Any CPU
		{84E0F6C9-0339-4D71-A8F3-87DE2503F876}.AppStore|Any CPU.ActiveCfg = Release|Any CPU
		{84E0F6C9-0339-4D71-A8F3-87DE2503F876}.AppStore|Any CPU.Build.0 = Release|Any CPU
		{84E0F6C9-0339-4D71-A8F3-87DE2503F876}.AppStore|iPhone.ActiveCfg = Release|Any CPU
		{84E0F6C9-0339-4D71-A8F3-87DE2503F876}.AppStore|iPhone.Build.0 = Release|Any CPU
		{84E0F6C9-0339-4D71-A8F3-87DE2503F876}.AppStore|iPhoneSimulator.ActiveCfg = Release|Any CPU
		{84E0F6C9-0339-4D71-A8F3-87DE2503F876}.AppStore|iPhoneSimulator.Build.0 = Release|Any CPU
		{84E0F6C9-0339-4D71-A8F3-87DE2503F876}.Debug|Any CPU.ActiveCfg = Debug|Any CPU
		{84E0F6C9-0339-4D71-A8F3-87DE2503F876}.Debug|Any CPU.Build.0 = Debug|Any CPU
		{84E0F6C9-0339-4D71-A8F3-87DE2503F876}.Debug|iPhone.ActiveCfg = Debug|Any CPU
		{84E0F6C9-0339-4D71-A8F3-87DE2503F876}.Debug|iPhone.Build.0 = Debug|Any CPU
		{84E0F6C9-0339-4D71-A8F3-87DE2503F876}.Debug|iPhoneSimulator.ActiveCfg = Debug|Any CPU
		{84E0F6C9-0339-4D71-A8F3-87DE2503F876}.Debug|iPhoneSimulator.Build.0 = Debug|Any CPU
		{84E0F6C9-0339-4D71-A8F3-87DE2503F876}.Release|Any CPU.ActiveCfg = Release|Any CPU
		{84E0F6C9-0339-4D71-A8F3-87DE2503F876}.Release|Any CPU.Build.0 = Release|Any CPU
		{84E0F6C9-0339-4D71-A8F3-87DE2503F876}.Release|iPhone.ActiveCfg = Release|Any CPU
		{84E0F6C9-0339-4D71-A8F3-87DE2503F876}.Release|iPhone.Build.0 = Release|Any CPU
		{84E0F6C9-0339-4D71-A8F3-87DE2503F876}.Release|iPhoneSimulator.ActiveCfg = Release|Any CPU
		{84E0F6C9-0339-4D71-A8F3-87DE2503F876}.Release|iPhoneSimulator.Build.0 = Release|Any CPU
		{99F2808C-810C-4F85-AFD1-77E08296D3AC}.Ad-Hoc|Any CPU.ActiveCfg = Release|Any CPU
		{99F2808C-810C-4F85-AFD1-77E08296D3AC}.Ad-Hoc|Any CPU.Build.0 = Release|Any CPU
		{99F2808C-810C-4F85-AFD1-77E08296D3AC}.Ad-Hoc|iPhone.ActiveCfg = Release|Any CPU
		{99F2808C-810C-4F85-AFD1-77E08296D3AC}.Ad-Hoc|iPhone.Build.0 = Release|Any CPU
		{99F2808C-810C-4F85-AFD1-77E08296D3AC}.Ad-Hoc|iPhoneSimulator.ActiveCfg = Release|Any CPU
		{99F2808C-810C-4F85-AFD1-77E08296D3AC}.Ad-Hoc|iPhoneSimulator.Build.0 = Release|Any CPU
		{99F2808C-810C-4F85-AFD1-77E08296D3AC}.AppStore|Any CPU.ActiveCfg = Release|Any CPU
		{99F2808C-810C-4F85-AFD1-77E08296D3AC}.AppStore|Any CPU.Build.0 = Release|Any CPU
		{99F2808C-810C-4F85-AFD1-77E08296D3AC}.AppStore|iPhone.ActiveCfg = Release|Any CPU
		{99F2808C-810C-4F85-AFD1-77E08296D3AC}.AppStore|iPhone.Build.0 = Release|Any CPU
		{99F2808C-810C-4F85-AFD1-77E08296D3AC}.AppStore|iPhoneSimulator.ActiveCfg = Release|Any CPU
		{99F2808C-810C-4F85-AFD1-77E08296D3AC}.AppStore|iPhoneSimulator.Build.0 = Release|Any CPU
		{99F2808C-810C-4F85-AFD1-77E08296D3AC}.Debug|Any CPU.ActiveCfg = Debug|Any CPU
		{99F2808C-810C-4F85-AFD1-77E08296D3AC}.Debug|Any CPU.Build.0 = Debug|Any CPU
		{99F2808C-810C-4F85-AFD1-77E08296D3AC}.Debug|iPhone.ActiveCfg = Debug|Any CPU
		{99F2808C-810C-4F85-AFD1-77E08296D3AC}.Debug|iPhone.Build.0 = Debug|Any CPU
		{99F2808C-810C-4F85-AFD1-77E08296D3AC}.Debug|iPhoneSimulator.ActiveCfg = Debug|Any CPU
		{99F2808C-810C-4F85-AFD1-77E08296D3AC}.Debug|iPhoneSimulator.Build.0 = Debug|Any CPU
		{99F2808C-810C-4F85-AFD1-77E08296D3AC}.Release|Any CPU.ActiveCfg = Release|Any CPU
		{99F2808C-810C-4F85-AFD1-77E08296D3AC}.Release|Any CPU.Build.0 = Release|Any CPU
		{99F2808C-810C-4F85-AFD1-77E08296D3AC}.Release|iPhone.ActiveCfg = Release|Any CPU
		{99F2808C-810C-4F85-AFD1-77E08296D3AC}.Release|iPhone.Build.0 = Release|Any CPU
		{99F2808C-810C-4F85-AFD1-77E08296D3AC}.Release|iPhoneSimulator.ActiveCfg = Release|Any CPU
		{99F2808C-810C-4F85-AFD1-77E08296D3AC}.Release|iPhoneSimulator.Build.0 = Release|Any CPU
		{3505BDFA-BDD9-4165-89A1-D8E3D4E7542E}.Ad-Hoc|Any CPU.ActiveCfg = Release|Any CPU
		{3505BDFA-BDD9-4165-89A1-D8E3D4E7542E}.Ad-Hoc|Any CPU.Build.0 = Release|Any CPU
		{3505BDFA-BDD9-4165-89A1-D8E3D4E7542E}.Ad-Hoc|iPhone.ActiveCfg = Release|Any CPU
		{3505BDFA-BDD9-4165-89A1-D8E3D4E7542E}.Ad-Hoc|iPhone.Build.0 = Release|Any CPU
		{3505BDFA-BDD9-4165-89A1-D8E3D4E7542E}.Ad-Hoc|iPhoneSimulator.ActiveCfg = Release|Any CPU
		{3505BDFA-BDD9-4165-89A1-D8E3D4E7542E}.Ad-Hoc|iPhoneSimulator.Build.0 = Release|Any CPU
		{3505BDFA-BDD9-4165-89A1-D8E3D4E7542E}.AppStore|Any CPU.ActiveCfg = Release|Any CPU
		{3505BDFA-BDD9-4165-89A1-D8E3D4E7542E}.AppStore|Any CPU.Build.0 = Release|Any CPU
		{3505BDFA-BDD9-4165-89A1-D8E3D4E7542E}.AppStore|iPhone.ActiveCfg = Release|Any CPU
		{3505BDFA-BDD9-4165-89A1-D8E3D4E7542E}.AppStore|iPhone.Build.0 = Release|Any CPU
		{3505BDFA-BDD9-4165-89A1-D8E3D4E7542E}.AppStore|iPhoneSimulator.ActiveCfg = Release|Any CPU
		{3505BDFA-BDD9-4165-89A1-D8E3D4E7542E}.AppStore|iPhoneSimulator.Build.0 = Release|Any CPU
		{3505BDFA-BDD9-4165-89A1-D8E3D4E7542E}.Debug|Any CPU.ActiveCfg = Debug|Any CPU
		{3505BDFA-BDD9-4165-89A1-D8E3D4E7542E}.Debug|Any CPU.Build.0 = Debug|Any CPU
		{3505BDFA-BDD9-4165-89A1-D8E3D4E7542E}.Debug|iPhone.ActiveCfg = Debug|Any CPU
		{3505BDFA-BDD9-4165-89A1-D8E3D4E7542E}.Debug|iPhone.Build.0 = Debug|Any CPU
		{3505BDFA-BDD9-4165-89A1-D8E3D4E7542E}.Debug|iPhoneSimulator.ActiveCfg = Debug|Any CPU
		{3505BDFA-BDD9-4165-89A1-D8E3D4E7542E}.Debug|iPhoneSimulator.Build.0 = Debug|Any CPU
		{3505BDFA-BDD9-4165-89A1-D8E3D4E7542E}.Release|Any CPU.ActiveCfg = Release|Any CPU
		{3505BDFA-BDD9-4165-89A1-D8E3D4E7542E}.Release|Any CPU.Build.0 = Release|Any CPU
		{3505BDFA-BDD9-4165-89A1-D8E3D4E7542E}.Release|iPhone.ActiveCfg = Release|Any CPU
		{3505BDFA-BDD9-4165-89A1-D8E3D4E7542E}.Release|iPhone.Build.0 = Release|Any CPU
		{3505BDFA-BDD9-4165-89A1-D8E3D4E7542E}.Release|iPhoneSimulator.ActiveCfg = Release|Any CPU
		{3505BDFA-BDD9-4165-89A1-D8E3D4E7542E}.Release|iPhoneSimulator.Build.0 = Release|Any CPU
		{A68C6DC7-AB9F-4874-9F27-C6DDD1C95A65}.Ad-Hoc|Any CPU.ActiveCfg = Debug|Any CPU
		{A68C6DC7-AB9F-4874-9F27-C6DDD1C95A65}.Ad-Hoc|Any CPU.Build.0 = Debug|Any CPU
		{A68C6DC7-AB9F-4874-9F27-C6DDD1C95A65}.Ad-Hoc|iPhone.ActiveCfg = Debug|Any CPU
		{A68C6DC7-AB9F-4874-9F27-C6DDD1C95A65}.Ad-Hoc|iPhone.Build.0 = Debug|Any CPU
		{A68C6DC7-AB9F-4874-9F27-C6DDD1C95A65}.Ad-Hoc|iPhoneSimulator.ActiveCfg = Debug|Any CPU
		{A68C6DC7-AB9F-4874-9F27-C6DDD1C95A65}.Ad-Hoc|iPhoneSimulator.Build.0 = Debug|Any CPU
		{A68C6DC7-AB9F-4874-9F27-C6DDD1C95A65}.AppStore|Any CPU.ActiveCfg = Debug|Any CPU
		{A68C6DC7-AB9F-4874-9F27-C6DDD1C95A65}.AppStore|Any CPU.Build.0 = Debug|Any CPU
		{A68C6DC7-AB9F-4874-9F27-C6DDD1C95A65}.AppStore|iPhone.ActiveCfg = Debug|Any CPU
		{A68C6DC7-AB9F-4874-9F27-C6DDD1C95A65}.AppStore|iPhone.Build.0 = Debug|Any CPU
		{A68C6DC7-AB9F-4874-9F27-C6DDD1C95A65}.AppStore|iPhoneSimulator.ActiveCfg = Debug|Any CPU
		{A68C6DC7-AB9F-4874-9F27-C6DDD1C95A65}.AppStore|iPhoneSimulator.Build.0 = Debug|Any CPU
		{A68C6DC7-AB9F-4874-9F27-C6DDD1C95A65}.Debug|Any CPU.ActiveCfg = Debug|Any CPU
		{A68C6DC7-AB9F-4874-9F27-C6DDD1C95A65}.Debug|Any CPU.Build.0 = Debug|Any CPU
		{A68C6DC7-AB9F-4874-9F27-C6DDD1C95A65}.Debug|iPhone.ActiveCfg = Debug|Any CPU
		{A68C6DC7-AB9F-4874-9F27-C6DDD1C95A65}.Debug|iPhone.Build.0 = Debug|Any CPU
		{A68C6DC7-AB9F-4874-9F27-C6DDD1C95A65}.Debug|iPhoneSimulator.ActiveCfg = Debug|Any CPU
		{A68C6DC7-AB9F-4874-9F27-C6DDD1C95A65}.Debug|iPhoneSimulator.Build.0 = Debug|Any CPU
		{A68C6DC7-AB9F-4874-9F27-C6DDD1C95A65}.Release|Any CPU.ActiveCfg = Release|Any CPU
		{A68C6DC7-AB9F-4874-9F27-C6DDD1C95A65}.Release|Any CPU.Build.0 = Release|Any CPU
		{A68C6DC7-AB9F-4874-9F27-C6DDD1C95A65}.Release|iPhone.ActiveCfg = Release|Any CPU
		{A68C6DC7-AB9F-4874-9F27-C6DDD1C95A65}.Release|iPhone.Build.0 = Release|Any CPU
		{A68C6DC7-AB9F-4874-9F27-C6DDD1C95A65}.Release|iPhoneSimulator.ActiveCfg = Release|Any CPU
		{A68C6DC7-AB9F-4874-9F27-C6DDD1C95A65}.Release|iPhoneSimulator.Build.0 = Release|Any CPU
		{E996B6B5-B68F-4898-98F6-B81093F85E3E}.Ad-Hoc|Any CPU.ActiveCfg = Debug|Any CPU
		{E996B6B5-B68F-4898-98F6-B81093F85E3E}.Ad-Hoc|Any CPU.Build.0 = Debug|Any CPU
		{E996B6B5-B68F-4898-98F6-B81093F85E3E}.Ad-Hoc|iPhone.ActiveCfg = Debug|Any CPU
		{E996B6B5-B68F-4898-98F6-B81093F85E3E}.Ad-Hoc|iPhone.Build.0 = Debug|Any CPU
		{E996B6B5-B68F-4898-98F6-B81093F85E3E}.Ad-Hoc|iPhoneSimulator.ActiveCfg = Debug|Any CPU
		{E996B6B5-B68F-4898-98F6-B81093F85E3E}.Ad-Hoc|iPhoneSimulator.Build.0 = Debug|Any CPU
		{E996B6B5-B68F-4898-98F6-B81093F85E3E}.AppStore|Any CPU.ActiveCfg = Debug|Any CPU
		{E996B6B5-B68F-4898-98F6-B81093F85E3E}.AppStore|Any CPU.Build.0 = Debug|Any CPU
		{E996B6B5-B68F-4898-98F6-B81093F85E3E}.AppStore|iPhone.ActiveCfg = Debug|Any CPU
		{E996B6B5-B68F-4898-98F6-B81093F85E3E}.AppStore|iPhone.Build.0 = Debug|Any CPU
		{E996B6B5-B68F-4898-98F6-B81093F85E3E}.AppStore|iPhoneSimulator.ActiveCfg = Debug|Any CPU
		{E996B6B5-B68F-4898-98F6-B81093F85E3E}.AppStore|iPhoneSimulator.Build.0 = Debug|Any CPU
		{E996B6B5-B68F-4898-98F6-B81093F85E3E}.Debug|Any CPU.ActiveCfg = Debug|Any CPU
		{E996B6B5-B68F-4898-98F6-B81093F85E3E}.Debug|Any CPU.Build.0 = Debug|Any CPU
		{E996B6B5-B68F-4898-98F6-B81093F85E3E}.Debug|iPhone.ActiveCfg = Debug|Any CPU
		{E996B6B5-B68F-4898-98F6-B81093F85E3E}.Debug|iPhone.Build.0 = Debug|Any CPU
		{E996B6B5-B68F-4898-98F6-B81093F85E3E}.Debug|iPhoneSimulator.ActiveCfg = Debug|Any CPU
		{E996B6B5-B68F-4898-98F6-B81093F85E3E}.Debug|iPhoneSimulator.Build.0 = Debug|Any CPU
		{E996B6B5-B68F-4898-98F6-B81093F85E3E}.Release|Any CPU.ActiveCfg = Release|Any CPU
		{E996B6B5-B68F-4898-98F6-B81093F85E3E}.Release|Any CPU.Build.0 = Release|Any CPU
		{E996B6B5-B68F-4898-98F6-B81093F85E3E}.Release|iPhone.ActiveCfg = Release|Any CPU
		{E996B6B5-B68F-4898-98F6-B81093F85E3E}.Release|iPhone.Build.0 = Release|Any CPU
		{E996B6B5-B68F-4898-98F6-B81093F85E3E}.Release|iPhoneSimulator.ActiveCfg = Release|Any CPU
		{E996B6B5-B68F-4898-98F6-B81093F85E3E}.Release|iPhoneSimulator.Build.0 = Release|Any CPU
		{7F358B8A-9E66-4848-BDB8-CC32A11D2697}.Ad-Hoc|Any CPU.ActiveCfg = Debug|Any CPU
		{7F358B8A-9E66-4848-BDB8-CC32A11D2697}.Ad-Hoc|Any CPU.Build.0 = Debug|Any CPU
		{7F358B8A-9E66-4848-BDB8-CC32A11D2697}.Ad-Hoc|Any CPU.Deploy.0 = Debug|Any CPU
		{7F358B8A-9E66-4848-BDB8-CC32A11D2697}.Ad-Hoc|iPhone.ActiveCfg = Debug|Any CPU
		{7F358B8A-9E66-4848-BDB8-CC32A11D2697}.Ad-Hoc|iPhone.Build.0 = Debug|Any CPU
		{7F358B8A-9E66-4848-BDB8-CC32A11D2697}.Ad-Hoc|iPhone.Deploy.0 = Debug|Any CPU
		{7F358B8A-9E66-4848-BDB8-CC32A11D2697}.Ad-Hoc|iPhoneSimulator.ActiveCfg = Debug|Any CPU
		{7F358B8A-9E66-4848-BDB8-CC32A11D2697}.Ad-Hoc|iPhoneSimulator.Build.0 = Debug|Any CPU
		{7F358B8A-9E66-4848-BDB8-CC32A11D2697}.Ad-Hoc|iPhoneSimulator.Deploy.0 = Debug|Any CPU
		{7F358B8A-9E66-4848-BDB8-CC32A11D2697}.AppStore|Any CPU.ActiveCfg = Debug|Any CPU
		{7F358B8A-9E66-4848-BDB8-CC32A11D2697}.AppStore|Any CPU.Build.0 = Debug|Any CPU
		{7F358B8A-9E66-4848-BDB8-CC32A11D2697}.AppStore|Any CPU.Deploy.0 = Debug|Any CPU
		{7F358B8A-9E66-4848-BDB8-CC32A11D2697}.AppStore|iPhone.ActiveCfg = Debug|Any CPU
		{7F358B8A-9E66-4848-BDB8-CC32A11D2697}.AppStore|iPhone.Build.0 = Debug|Any CPU
		{7F358B8A-9E66-4848-BDB8-CC32A11D2697}.AppStore|iPhone.Deploy.0 = Debug|Any CPU
		{7F358B8A-9E66-4848-BDB8-CC32A11D2697}.AppStore|iPhoneSimulator.ActiveCfg = Debug|Any CPU
		{7F358B8A-9E66-4848-BDB8-CC32A11D2697}.AppStore|iPhoneSimulator.Build.0 = Debug|Any CPU
		{7F358B8A-9E66-4848-BDB8-CC32A11D2697}.AppStore|iPhoneSimulator.Deploy.0 = Debug|Any CPU
		{7F358B8A-9E66-4848-BDB8-CC32A11D2697}.Debug|Any CPU.ActiveCfg = Debug|Any CPU
		{7F358B8A-9E66-4848-BDB8-CC32A11D2697}.Debug|Any CPU.Build.0 = Debug|Any CPU
		{7F358B8A-9E66-4848-BDB8-CC32A11D2697}.Debug|Any CPU.Deploy.0 = Debug|Any CPU
		{7F358B8A-9E66-4848-BDB8-CC32A11D2697}.Debug|iPhone.ActiveCfg = Debug|Any CPU
		{7F358B8A-9E66-4848-BDB8-CC32A11D2697}.Debug|iPhone.Build.0 = Debug|Any CPU
		{7F358B8A-9E66-4848-BDB8-CC32A11D2697}.Debug|iPhone.Deploy.0 = Debug|Any CPU
		{7F358B8A-9E66-4848-BDB8-CC32A11D2697}.Debug|iPhoneSimulator.ActiveCfg = Debug|Any CPU
		{7F358B8A-9E66-4848-BDB8-CC32A11D2697}.Debug|iPhoneSimulator.Build.0 = Debug|Any CPU
		{7F358B8A-9E66-4848-BDB8-CC32A11D2697}.Debug|iPhoneSimulator.Deploy.0 = Debug|Any CPU
		{7F358B8A-9E66-4848-BDB8-CC32A11D2697}.Release|Any CPU.ActiveCfg = Release|Any CPU
		{7F358B8A-9E66-4848-BDB8-CC32A11D2697}.Release|Any CPU.Build.0 = Release|Any CPU
		{7F358B8A-9E66-4848-BDB8-CC32A11D2697}.Release|Any CPU.Deploy.0 = Release|Any CPU
		{7F358B8A-9E66-4848-BDB8-CC32A11D2697}.Release|iPhone.ActiveCfg = Release|Any CPU
		{7F358B8A-9E66-4848-BDB8-CC32A11D2697}.Release|iPhone.Build.0 = Release|Any CPU
		{7F358B8A-9E66-4848-BDB8-CC32A11D2697}.Release|iPhone.Deploy.0 = Release|Any CPU
		{7F358B8A-9E66-4848-BDB8-CC32A11D2697}.Release|iPhoneSimulator.ActiveCfg = Release|Any CPU
		{7F358B8A-9E66-4848-BDB8-CC32A11D2697}.Release|iPhoneSimulator.Build.0 = Release|Any CPU
		{7F358B8A-9E66-4848-BDB8-CC32A11D2697}.Release|iPhoneSimulator.Deploy.0 = Release|Any CPU
	EndGlobalSection
	GlobalSection(SolutionProperties) = preSolution
		HideSolutionNode = FALSE
	EndGlobalSection
	GlobalSection(ExtensibilityGlobals) = postSolution
		SolutionGuid = {1135F591-BC65-4F51-9B1A-1C969C5DA8D5}
	EndGlobalSection
EndGlobal
